{
  "version": 1,
  "dependencies": {
    "net8.0": {
      "AssetRipper.TextureDecoder": {
        "type": "Direct",
        "requested": "[2.6.3, )",
        "resolved": "2.6.3",
        "contentHash": "ksBcITGCJ2QJQ94dtmBYsx1Lg6+thSkeQYY3oN15v2Q0aCaIKfVHaw5H2iK6QF8FuGeQzf2CpcKJ8XeryCS6Cw=="
      },
      "Fmod5Sharp": {
        "type": "Direct",
        "requested": "[3.1.0, )",
        "resolved": "3.1.0",
        "contentHash": "DPM710gixvM3GrF5FTceXgaAZmH4B3amo92HNIJHiXHUJdeIF3R/cZKDrZzc4A5gzX/M1MbqWBphR90e/b6HxQ==",
        "dependencies": {
          "IndexRange": "1.1.0",
          "NAudio.Core": "2.2.1",
          "OggVorbisEncoder": "1.2.2",
          "System.Text.Json": "10.0.3"
        }
      },
      "IndexRange": {
        "type": "Transitive",
        "resolved": "1.1.0",
        "contentHash": "fG+2WP1e3Fg3ZVq85XAdiwG9t0twi3r0LvOrTjtbH/31Rd5gLnV5APOD2JHAowbZYDgj9D3rXRbUvIL+ew0WZQ==",
        "dependencies": {
          "Microsoft.Bcl.Memory": "9.0.0"
        }
      },
      "Microsoft.Bcl.Memory": {
        "type": "Transitive",
        "resolved": "9.0.0",
        "contentHash": "bTUtGfpGyJnohQzjdXbtc7MqNzkv7CWUSRz54+ucNm0i32rZiIU0VdVPHDBShOl1qhVKRjW8mnEBz3d2vH93tQ=="
      },
      "NAudio.Core": {
        "type": "Transitive",
        "resolved": "2.2.1",
        "contentHash": "GgkdP6K/7FqXFo7uHvoqGZTJvW4z8g2IffhOO4JHaLzKCdDOUEzVKtveoZkCuUX8eV2HAINqi7VFqlFndrnz/g=="
      },
      "OggVorbisEncoder": {
        "type": "Transitive",
        "resolved": "1.2.2",
        "contentHash": "MZMa5URyED82nJUfGCbulS/1/Np+zhE2mt3h9TuAPOurVN3rYHEaVc7cKd7IK1vROB4UMdTgSoPCW3EJCNmHJw==",
        "dependencies": {
          "System.Memory": "4.5.5"
        }
      },
      "System.IO.Pipelines": {
        "type": "Transitive",
        "resolved": "10.0.3",
        "contentHash": "WMxiA2jGdHnRBmoVK55YUq5VPaxW0Sg2frPtXV+urUMvpqHIga6lleV/YuryHIuGsAKVjQAjv6PrQ6IJpoLohQ=="
      },
      "System.Memory": {
        "type": "Transitive",
        "resolved": "4.5.5",
        "contentHash": "XIWiDvKPXaTveaB7HVganDlOCRoj03l+jrwNvcge/t8vhGYKvqV+dMv6G4SAX2NoNmN0wZfVPTAlFwZcZvVOUw=="
      },
      "System.Text.Encodings.Web": {
        "type": "Transitive",
        "resolved": "10.0.3",
        "contentHash": "l8QNBPp92bVzl9Kw8nNtm1uYRNNhUrdulZjM4a8YK/QGNa8z9utKsC0bDoPB+Vq8LOlbD3fIyGlabtz80jT7cw=="
      },
      "System.Text.Json": {
        "type": "Transitive",
        "resolved": "10.0.3",
        "contentHash": "NTUt9DL+maqbgrIYCAmeZUbX0NoXaueySyjW/bdOlFdSUDC1l51XnsbVEuj5tuad12vdq5Sviskp9uMVGgCNLw==",
        "dependencies": {
          "System.IO.Pipelines": "10.0.3",
          "System.Text.Encodings.Web": "10.0.3"
        }
      }
    }
  }
}